
Microsoft Visual Studio Solution File, Format Version 12.00
# Visual Studio Version 16
VisualStudioVersion = 16.0.32002.261
MinimumVisualStudioVersion = 10.0.40219.1
Project("{FAE04EC0-301F-11D3-BF4B-00C04F79EFBC}") = "Sort_Task", "Sort_Task\Sort_Task.csproj", "{68843B86-386E-41B1-A4B8-FFCD971451A7}"
EndProject
Global
	GlobalSection(SolutionConfigurationPlatforms) = preSolution
		Debug|Any CPU = Debug|Any CPU
		Release|Any CPU = Release|Any CPU
	EndGlobalSection
	GlobalSection(ProjectConfigurationPlatforms) = postSolution
		{68843B86-386E-41B1-A4B8-FFCD971451A7}.Debug|Any CPU.ActiveCfg = Debug|Any CPU
		{68843B86-386E-41B1-A4B8-FFCD971451A7}.Debug|Any CPU.Build.0 = Debug|Any CPU
		{68843B86-386E-41B1-A4B8-FFCD971451A7}.Release|Any CPU.ActiveCfg = Release|Any CPU
		{68843B86-386E-41B1-A4B8-FFCD971451A7}.Release|Any CPU.Build.0 = Release|Any CPU
	EndGlobalSection
	GlobalSection(SolutionProperties) = preSolution
		HideSolutionNode = FALSE
	EndGlobalSection
	GlobalSection(ExtensibilityGlobals) = postSolution
		SolutionGuid = {1FEB9FFE-A522-4FA9-AC1B-F590142EDCA6}
	EndGlobalSection
EndGlobal
